{
  "originHash" : "03cac0c112b2f1aab195994e15a1a9a45e3a4edc2d8118eb537e0c755bfedf09",
  "pins" : [
    {
      "identity" : "swifthotreload",
      "kind" : "remoteSourceControl",
      "location" : "https://github.com/banjun/SwiftHotReload",
      "state" : {
        "revision" : "a008da91686f5c714847adff770d33f398d0afdd",
        "version" : "0.2.1"
      }
    }
  ],
  "version" : 3
}
